// !$*UTF8*$!
{
	archiveVersion = 1;
	classes = {
	};
	objectVersion = 46;
	objects = {

/* Begin PBXBuildFile section */
		665073701ECAA51C0051A212 /* AppDelegate.swift in Sources */ = {isa = PBXBuildFile; fileRef = 6650736F1ECAA51C0051A212 /* AppDelegate.swift */; };
		665073721ECAA51C0051A212 /* AddDogViewController.swift in Sources */ = {isa = PBXBuildFile; fileRef = 665073711ECAA51C0051A212 /* AddDogViewController.swift */; };
		665073751ECAA51C0051A212 /* Main.storyboard in Resources */ = {isa = PBXBuildFile; fileRef = 665073731ECAA51C0051A212 /* Main.storyboard */; };
		665073771ECAA51C0051A212 /* Assets.xcassets in Resources */ = {isa = PBXBuildFile; fileRef = 665073761ECAA51C0051A212 /* Assets.xcassets */; };
		6650737A1ECAA51C0051A212 /* LaunchScreen.storyboard in Resources */ = {isa = PBXBuildFile; fileRef = 665073781ECAA51C0051A212 /* LaunchScreen.storyboard */; };
		665073841ECAA68D0051A212 /* DogsTableViewController.swift in Sources */ = {isa = PBXBuildFile; fileRef = 665073831ECAA68D0051A212 /* DogsTableViewController.swift */; };
		665073891ECAAB320051A212 /* CuteDogModel.xcdatamodeld in Sources */ = {isa = PBXBuildFile; fileRef = 665073871ECAAB320051A212 /* CuteDogModel.xcdatamodeld */; };
/* End PBXBuildFile section */

/* Begin PBXFileReference section */
		6650736C1ECAA51C0051A212 /* CuteDogs.app */ = {isa = PBXFileReference; explicitFileType = wrapper.application; includeInIndex = 0; path = CuteDogs.app; sourceTree = BUILT_PRODUCTS_DIR; };
		6650736F1ECAA51C0051A212 /* AppDelegate.swift */ = {isa = PBXFileReference; lastKnownFileType = sourcecode.swift; path = AppDelegate.swift; sourceTree = "<group>"; };
		665073711ECAA51C0051A212 /* AddDogViewController.swift */ = {isa = PBXFileReference; lastKnownFileType = sourcecode.swift; path = AddDogViewController.swift; sourceTree = "<group>"; };
		665073741ECAA51C0051A212 /* Base */ = {isa = PBXFileReference; lastKnownFileType = file.storyboard; name = Base; path = Base.lproj/Main.storyboard; sourceTree = "<group>"; };
		665073761ECAA51C0051A212 /* Assets.xcassets */ = {isa = PBXFileReference; lastKnownFileType = folder.assetcatalog; path = Assets.xcassets; sourceTree = "<group>"; };
		665073791ECAA51C0051A212 /* Base */ = {isa = PBXFileReference; lastKnownFileType = file.storyboard; name = Base; path = Base.lproj/LaunchScreen.storyboard; sourceTree = "<group>"; };
		6650737B1ECAA51C0051A212 /* Info.plist */ = {isa = PBXFileReference; lastKnownFileType = text.plist.xml; path = Info.plist; sourceTree = "<group>"; };
		665073831ECAA68D0051A212 /* DogsTableViewController.swift */ = {isa = PBXFileReference; fileEncoding = 4; lastKnownFileType = sourcecode.swift; path = DogsTableViewController.swift; sourceTree = "<group>"; };
		665073881ECAAB320051A212 /* CuteDogModel.xcdatamodel */ = {isa = PBXFileReference; lastKnownFileType = wrapper.xcdatamodel; path = CuteDogModel.xcdatamodel; sourceTree = "<group>"; };
/* End PBXFileReference section */

/* Begin PBXFrameworksBuildPhase section */
		665073691ECAA51C0051A212 /* Frameworks */ = {
			isa = PBXFrameworksBuildPhase;
			buildActionMask = 2147483647;
			files = (
			);
			runOnlyForDeploymentPostprocessing = 0;
		};
/* End PBXFrameworksBuildPhase section */

/* Begin PBXGroup section */
		665073631ECAA51C0051A212 = {
			isa = PBXGroup;
			children = (
				6650736E1ECAA51C0051A212 /* CuteDogs */,
				6650736D1ECAA51C0051A212 /* Products */,
			);
			sourceTree = "<group>";
		};
		6650736D1ECAA51C0051A212 /* Products */ = {
			isa = PBXGroup;
			children = (
				6650736C1ECAA51C0051A212 /* CuteDogs.app */,
			);
			name = Products;
			sourceTree = "<group>";
		};
		6650736E1ECAA51C0051A212 /* CuteDogs */ = {
			isa = PBXGroup;
			children = (
				665073861ECAAB1E0051A212 /* Model */,
				665073811ECAA5F80051A212 /* Supporting */,
				665073821ECAA5FE0051A212 /* UI */,
			);
			path = CuteDogs;
			sourceTree = "<group>";
		};
		665073811ECAA5F80051A212 /* Supporting */ = {
			isa = PBXGroup;
			children = (
				6650736F1ECAA51C0051A212 /* AppDelegate.swift */,
				665073781ECAA51C0051A212 /* LaunchScreen.storyboard */,
				6650737B1ECAA51C0051A212 /* Info.plist */,
			);
			name = Supporting;
			sourceTree = "<group>";
		};
		665073821ECAA5FE0051A212 /* UI */ = {
			isa = PBXGroup;
			children = (
				665073851ECAA7010051A212 /* View Controllers */,
				665073731ECAA51C0051A212 /* Main.storyboard */,
				665073761ECAA51C0051A212 /* Assets.xcassets */,
			);
			name = UI;
			sourceTree = "<group>";
		};
		665073851ECAA7010051A212 /* View Controllers */ = {
			isa = PBXGroup;
			children = (
				665073711ECAA51C0051A212 /* AddDogViewController.swift */,
				665073831ECAA68D0051A212 /* DogsTableViewController.swift */,
			);
			name = "View Controllers";
			sourceTree = "<group>";
		};
		665073861ECAAB1E0051A212 /* Model */ = {
			isa = PBXGroup;
			children = (
				665073871ECAAB320051A212 /* CuteDogModel.xcdatamodeld */,
			);
			name = Model;
			sourceTree = "<group>";
		};
/* End PBXGroup section */

/* Begin PBXNativeTarget section */
		6650736B1ECAA51C0051A212 /* CuteDogs */ = {
			isa = PBXNativeTarget;
			buildConfigurationList = 6650737E1ECAA51C0051A212 /* Build configuration list for PBXNativeTarget "CuteDogs" */;
			buildPhases = (
				665073681ECAA51C0051A212 /* Sources */,
				665073691ECAA51C0051A212 /* Frameworks */,
				6650736A1ECAA51C0051A212 /* Resources */,
			);
			buildRules = (
			);
			dependencies = (
			);
			name = CuteDogs;
			productName = CuteDogs;
			productReference = 6650736C1ECAA51C0051A212 /* CuteDogs.app */;
			productType = "com.apple.product-type.application";
		};
/* End PBXNativeTarget section */

/* Begin PBXProject section */
		665073641ECAA51C0051A212 /* Project object */ = {
			isa = PBXProject;
			attributes = {
				LastSwiftUpdateCheck = 0830;
				LastUpgradeCheck = 0830;
				ORGANIZATIONNAME = adamontherun;
				TargetAttributes = {
					6650736B1ECAA51C0051A212 = {
						CreatedOnToolsVersion = 8.3.2;
						DevelopmentTeam = TR4PP43778;
						ProvisioningStyle = Automatic;
					};
				};
			};
			buildConfigurationList = 665073671ECAA51C0051A212 /* Build configuration list for PBXProject "CuteDogs" */;
			compatibilityVersion = "Xcode 3.2";
			developmentRegion = English;
			hasScannedForEncodings = 0;
			knownRegions = (
				en,
				Base,
			);
			mainGroup = 665073631ECAA51C0051A212;
			productRefGroup = 6650736D1ECAA51C0051A212 /* Products */;
			projectDirPath = "";
			projectRoot = "";
			targets = (
				6650736B1ECAA51C0051A212 /* CuteDogs */,
			);
		};
/* End PBXProject section */

/* Begin PBXResourcesBuildPhase section */
		6650736A1ECAA51C0051A212 /* Resources */ = {
			isa = PBXResourcesBuildPhase;
			buildActionMask = 2147483647;
			files = (
				6650737A1ECAA51C0051A212 /* LaunchScreen.storyboard in Resources */,
				665073771ECAA51C0051A212 /* Assets.xcassets in Resources */,
				665073751ECAA51C0051A212 /* Main.storyboard in Resources */,
			);
			runOnlyForDeploymentPostprocessing = 0;
		};
/* End PBXResourcesBuildPhase section */

/* Begin PBXSourcesBuildPhase section */
		665073681ECAA51C0051A212 /* Sources */ = {
			isa = PBXSourcesBuildPhase;
			buildActionMask = 2147483647;
			files = (
				665073721ECAA51C0051A212 /* AddDogViewController.swift in Sources */,
				665073891ECAAB320051A212 /* CuteDogModel.xcdatamodeld in Sources */,
				665073701ECAA51C0051A212 /* AppDelegate.swift in Sources */,
				665073841ECAA68D0051A212 /* DogsTableViewController.swift in Sources */,
			);
			runOnlyForDeploymentPostprocessing = 0;
		};
/* End PBXSourcesBuildPhase section */

/* Begin PBXVariantGroup section */
		665073731ECAA51C0051A212 /* Main.storyboard */ = {
			isa = PBXVariantGroup;
			children = (
				665073741ECAA51C0051A212 /* Base */,
			);
			name = Main.storyboard;
			sourceTree = "<group>";
		};
		665073781ECAA51C0051A212 /* LaunchScreen.storyboard */ = {
			isa = PBXVariantGroup;
			children = (
				665073791ECAA51C0051A212 /* Base */,
			);
			name = LaunchScreen.storyboard;
			sourceTree = "<group>";
		};
/* End PBXVariantGroup section */

/* Begin XCBuildConfiguration section */
		6650737C1ECAA51C0051A212 /* Debug */ = {
			isa = XCBuildConfiguration;
			buildSettings = {
				ALWAYS_SEARCH_USER_PATHS = NO;
				CLANG_ANALYZER_NONNULL = YES;
				CLANG_ANALYZER_NUMBER_OBJECT_CONVERSION = YES_AGGRESSIVE;
				CLANG_CXX_LANGUAGE_STANDARD = "gnu++0x";
				CLANG_CXX_LIBRARY = "libc++";
				CLANG_ENABLE_MODULES = YES;
				CLANG_ENABLE_OBJC_ARC = YES;
				CLANG_WARN_BOOL_CONVERSION = YES;
				CLANG_WARN_CONSTANT_CONVERSION = YES;
				CLANG_WARN_DIRECT_OBJC_ISA_USAGE = YES_ERROR;
				CLANG_WARN_DOCUMENTATION_COMMENTS = YES;
				CLANG_WARN_EMPTY_BODY = YES;
				CLANG_WARN_ENUM_CONVERSION = YES;
				CLANG_WARN_INFINITE_RECURSION = YES;
				CLANG_WARN_INT_CONVERSION = YES;
				CLANG_WARN_OBJC_ROOT_CLASS = YES_ERROR;
				CLANG_WARN_SUSPICIOUS_MOVE = YES;
				CLANG_WARN_UNREACHABLE_CODE = YES;
				CLANG_WARN__DUPLICATE_METHOD_MATCH = YES;
				"CODE_SIGN_IDENTITY[sdk=iphoneos*]" = "iPhone Developer";
				COPY_PHASE_STRIP = NO;
				DEBUG_INFORMATION_FORMAT = dwarf;
				ENABLE_STRICT_OBJC_MSGSEND = YES;
				ENABLE_TESTABILITY = YES;
				GCC_C_LANGUAGE_STANDARD = gnu99;
				GCC_DYNAMIC_NO_PIC = NO;
				GCC_NO_COMMON_BLOCKS = YES;
				GCC_OPTIMIZATION_LEVEL = 0;
				GCC_PREPROCESSOR_DEFINITIONS = (
					"DEBUG=1",
					"$(inherited)",
				);
				GCC_WARN_64_TO_32_BIT_CONVERSION = YES;
				GCC_WARN_ABOUT_RETURN_TYPE = YES_ERROR;
				GCC_WARN_UNDECLARED_SELECTOR = YES;
				GCC_WARN_UNINITIALIZED_AUTOS = YES_AGGRESSIVE;
				GCC_WARN_UNUSED_FUNCTION = YES;
				GCC_WARN_UNUSED_VARIABLE = YES;
				IPHONEOS_DEPLOYMENT_TARGET = 10.3;
				MTL_ENABLE_DEBUG_INFO = YES;
				ONLY_ACTIVE_ARCH = YES;
				SDKROOT = iphoneos;
				SWIFT_ACTIVE_COMPILATION_CONDITIONS = DEBUG;
				SWIFT_OPTIMIZATION_LEVEL = "-Onone";
				TARGETED_DEVICE_FAMILY = "1,2";
			};
			name = Debug;
		};
		6650737D1ECAA51C0051A212 /* Release */ = {
			isa = XCBuildConfiguration;
			buildSettings = {
				ALWAYS_SEARCH_USER_PATHS = NO;
				CLANG_ANALYZER_NONNULL = YES;
				CLANG_ANALYZER_NUMBER_OBJECT_CONVERSION = YES_AGGRESSIVE;
				CLANG_CXX_LANGUAGE_STANDARD = "gnu++0x";
				CLANG_CXX_LIBRARY = "libc++";
				CLANG_ENABLE_MODULES = YES;
				CLANG_ENABLE_OBJC_ARC = YES;
				CLANG_WARN_BOOL_CONVERSION = YES;
				CLANG_WARN_CONSTANT_CONVERSION = YES;
				CLANG_WARN_DIRECT_OBJC_ISA_USAGE = YES_ERROR;
				CLANG_WARN_DOCUMENTATION_COMMENTS = YES;
				CLANG_WARN_EMPTY_BODY = YES;
				CLANG_WARN_ENUM_CONVERSION = YES;
				CLANG_WARN_INFINITE_RECURSION = YES;
				CLANG_WARN_INT_CONVERSION = YES;
				CLANG_WARN_OBJC_ROOT_CLASS = YES_ERROR;
				CLANG_WARN_SUSPICIOUS_MOVE = YES;
				CLANG_WARN_UNREACHABLE_CODE = YES;
				CLANG_WARN__DUPLICATE_METHOD_MATCH = YES;
				"CODE_SIGN_IDENTITY[sdk=iphoneos*]" = "iPhone Developer";
				COPY_PHASE_STRIP = NO;
				DEBUG_INFORMATION_FORMAT = "dwarf-with-dsym";
				ENABLE_NS_ASSERTIONS = NO;
				ENABLE_STRICT_OBJC_MSGSEND = YES;
				GCC_C_LANGUAGE_STANDARD = gnu99;
				GCC_NO_COMMON_BLOCKS = YES;
				GCC_WARN_64_TO_32_BIT_CONVERSION = YES;
				GCC_WARN_ABOUT_RETURN_TYPE = YES_ERROR;
				GCC_WARN_UNDECLARED_SELECTOR = YES;
				GCC_WARN_UNINITIALIZED_AUTOS = YES_AGGRESSIVE;
				GCC_WARN_UNUSED_FUNCTION = YES;
				GCC_WARN_UNUSED_VARIABLE = YES;
				IPHONEOS_DEPLOYMENT_TARGET = 10.3;
				MTL_ENABLE_DEBUG_INFO = NO;
				SDKROOT = iphoneos;
				SWIFT_OPTIMIZATION_LEVEL = "-Owholemodule";
				TARGETED_DEVICE_FAMILY = "1,2";
				VALIDATE_PRODUCT = YES;
			};
			name = Release;
		};
		6650737F1ECAA51C0051A212 /* Debug */ = {
			isa = XCBuildConfiguration;
			buildSettings = {
				ASSETCATALOG_COMPILER_APPICON_NAME = AppIcon;
				DEVELOPMENT_TEAM = TR4PP43778;
				INFOPLIST_FILE = CuteDogs/Info.plist;
				LD_RUNPATH_SEARCH_PATHS = "$(inherited) @executable_path/Frameworks";
				PRODUCT_BUNDLE_IDENTIFIER = com.adamontherun.CuteDogs;
				PRODUCT_NAME = "$(TARGET_NAME)";
				SWIFT_VERSION = 3.0;
			};
			name = Debug;
		};
		665073801ECAA51C0051A212 /* Release */ = {
			isa = XCBuildConfiguration;
			buildSettings = {
				ASSETCATALOG_COMPILER_APPICON_NAME = AppIcon;
				DEVELOPMENT_TEAM = TR4PP43778;
				INFOPLIST_FILE = CuteDogs/Info.plist;
				LD_RUNPATH_SEARCH_PATHS = "$(inherited) @executable_path/Frameworks";
				PRODUCT_BUNDLE_IDENTIFIER = com.adamontherun.CuteDogs;
				PRODUCT_NAME = "$(TARGET_NAME)";
				SWIFT_VERSION = 3.0;
			};
			name = Release;
		};
/* End XCBuildConfiguration section */

/* Begin XCConfigurationList section */
		665073671ECAA51C0051A212 /* Build configuration list for PBXProject "CuteDogs" */ = {
			isa = XCConfigurationList;
			buildConfigurations = (
				6650737C1ECAA51C0051A212 /* Debug */,
				6650737D1ECAA51C0051A212 /* Release */,
			);
			defaultConfigurationIsVisible = 0;
			defaultConfigurationName = Release;
		};
		6650737E1ECAA51C0051A212 /* Build configuration list for PBXNativeTarget "CuteDogs" */ = {
			isa = XCConfigurationList;
			buildConfigurations = (
				6650737F1ECAA51C0051A212 /* Debug */,
				665073801ECAA51C0051A212 /* Release */,
			);
			defaultConfigurationIsVisible = 0;
			defaultConfigurationName = Release;
		};
/* End XCConfigurationList section */

/* Begin XCVersionGroup section */
		665073871ECAAB320051A212 /* CuteDogModel.xcdatamodeld */ = {
			isa = XCVersionGroup;
			children = (
				665073881ECAAB320051A212 /* CuteDogModel.xcdatamodel */,
			);
			currentVersion = 665073881ECAAB320051A212 /* CuteDogModel.xcdatamodel */;
			path = CuteDogModel.xcdatamodeld;
			sourceTree = "<group>";
			versionGroupType = wrapper.xcdatamodel;
		};
/* End XCVersionGroup section */
	};
	rootObject = 665073641ECAA51C0051A212 /* Project object */;
}
